
Microsoft Visual Studio Solution File, Format Version 12.00
# Visual Studio Version 17
VisualStudioVersion = 17.7.34009.444
MinimumVisualStudioVersion = 10.0.40219.1
Project("{9A19103F-16F7-4668-BE54-9A1E7A4F7556}") = "WebAPI", "WebAPI\WebAPI.csproj", "{BE82197D-34AB-4105-BEB6-D34E8BCE9DA1}"
EndProject
Project("{FAE04EC0-301F-11D3-BF4B-00C04F79EFBC}") = "Model", "Model\Model.csproj", "{053A7AB6-A6AE-467E-AA11-DA73B49BEB2E}"
EndProject
Project("{FAE04EC0-301F-11D3-BF4B-00C04F79EFBC}") = "Interface", "Interface\Interface.csproj", "{7254057D-5C7C-41B1-B393-C50B4F3C2655}"
EndProject
Project("{FAE04EC0-301F-11D3-BF4B-00C04F79EFBC}") = "Service", "Service\Service.csproj", "{9682B304-F53D-41F9-88AF-B38D3ADFBEB0}"
EndProject
Global
	GlobalSection(SolutionConfigurationPlatforms) = preSolution
		Debug|Any CPU = Debug|Any CPU
		Release|Any CPU = Release|Any CPU
	EndGlobalSection
	GlobalSection(ProjectConfigurationPlatforms) = postSolution
		{BE82197D-34AB-4105-BEB6-D34E8BCE9DA1}.Debug|Any CPU.ActiveCfg = Debug|Any CPU
		{BE82197D-34AB-4105-BEB6-D34E8BCE9DA1}.Debug|Any CPU.Build.0 = Debug|Any CPU
		{BE82197D-34AB-4105-BEB6-D34E8BCE9DA1}.Release|Any CPU.ActiveCfg = Release|Any CPU
		{BE82197D-34AB-4105-BEB6-D34E8BCE9DA1}.Release|Any CPU.Build.0 = Release|Any CPU
		{053A7AB6-A6AE-467E-AA11-DA73B49BEB2E}.Debug|Any CPU.ActiveCfg = Debug|Any CPU
		{053A7AB6-A6AE-467E-AA11-DA73B49BEB2E}.Debug|Any CPU.Build.0 = Debug|Any CPU
		{053A7AB6-A6AE-467E-AA11-DA73B49BEB2E}.Release|Any CPU.ActiveCfg = Release|Any CPU
		{053A7AB6-A6AE-467E-AA11-DA73B49BEB2E}.Release|Any CPU.Build.0 = Release|Any CPU
		{7254057D-5C7C-41B1-B393-C50B4F3C2655}.Debug|Any CPU.ActiveCfg = Debug|Any CPU
		{7254057D-5C7C-41B1-B393-C50B4F3C2655}.Debug|Any CPU.Build.0 = Debug|Any CPU
		{7254057D-5C7C-41B1-B393-C50B4F3C2655}.Release|Any CPU.ActiveCfg = Release|Any CPU
		{7254057D-5C7C-41B1-B393-C50B4F3C2655}.Release|Any CPU.Build.0 = Release|Any CPU
		{9682B304-F53D-41F9-88AF-B38D3ADFBEB0}.Debug|Any CPU.ActiveCfg = Debug|Any CPU
		{9682B304-F53D-41F9-88AF-B38D3ADFBEB0}.Debug|Any CPU.Build.0 = Debug|Any CPU
		{9682B304-F53D-41F9-88AF-B38D3ADFBEB0}.Release|Any CPU.ActiveCfg = Release|Any CPU
		{9682B304-F53D-41F9-88AF-B38D3ADFBEB0}.Release|Any CPU.Build.0 = Release|Any CPU
	EndGlobalSection
	GlobalSection(SolutionProperties) = preSolution
		HideSolutionNode = FALSE
	EndGlobalSection
	GlobalSection(ExtensibilityGlobals) = postSolution
		SolutionGuid = {E2102F87-B892-4486-8A20-F32F38D576B7}
	EndGlobalSection
EndGlobal
